// !$*UTF8*$!
{
	archiveVersion = 1;
	classes = {
	};
	objectVersion = 56;
	objects = {

/* Begin PBXBuildFile section */
		586E660928FB2D0700CA3F5F /* TestApp.swift in Sources */ = {isa = PBXBuildFile; fileRef = 586E660828FB2D0700CA3F5F /* TestApp.swift */; };
		586E660B28FB2D0700CA3F5F /* ContentView.swift in Sources */ = {isa = PBXBuildFile; fileRef = 586E660A28FB2D0700CA3F5F /* ContentView.swift */; };
		586E660D28FB2D0700CA3F5F /* Assets.xcassets in Resources */ = {isa = PBXBuildFile; fileRef = 586E660C28FB2D0700CA3F5F /* Assets.xcassets */; };
		586E661028FB2D0700CA3F5F /* Preview Assets.xcassets in Resources */ = {isa = PBXBuildFile; fileRef = 586E660F28FB2D0700CA3F5F /* Preview Assets.xcassets */; };
		586E661228FB2D0700CA3F5F /* Persistence.swift in Sources */ = {isa = PBXBuildFile; fileRef = 586E661128FB2D0700CA3F5F /* Persistence.swift */; };
		586E661528FB2D0700CA3F5F /* Test.xcdatamodeld in Sources */ = {isa = PBXBuildFile; fileRef = 586E661328FB2D0700CA3F5F /* Test.xcdatamodeld */; };
		586E661F28FB2D0700CA3F5F /* TestTests.swift in Sources */ = {isa = PBXBuildFile; fileRef = 586E661E28FB2D0700CA3F5F /* TestTests.swift */; };
		586E662928FB2D0700CA3F5F /* TestUITests.swift in Sources */ = {isa = PBXBuildFile; fileRef = 586E662828FB2D0700CA3F5F /* TestUITests.swift */; };
		586E662B28FB2D0700CA3F5F /* TestUITestsLaunchTests.swift in Sources */ = {isa = PBXBuildFile; fileRef = 586E662A28FB2D0700CA3F5F /* TestUITestsLaunchTests.swift */; };
		586E663928FB2DA600CA3F5F /* SWXMLHash in Frameworks */ = {isa = PBXBuildFile; productRef = 586E663828FB2DA600CA3F5F /* SWXMLHash */; };
/* End PBXBuildFile section */

/* Begin PBXContainerItemProxy section */
		586E661B28FB2D0700CA3F5F /* PBXContainerItemProxy */ = {
			isa = PBXContainerItemProxy;
			containerPortal = 586E65FD28FB2D0700CA3F5F /* Project object */;
			proxyType = 1;
			remoteGlobalIDString = 586E660428FB2D0700CA3F5F;
			remoteInfo = Test;
		};
		586E662528FB2D0700CA3F5F /* PBXContainerItemProxy */ = {
			isa = PBXContainerItemProxy;
			containerPortal = 586E65FD28FB2D0700CA3F5F /* Project object */;
			proxyType = 1;
			remoteGlobalIDString = 586E660428FB2D0700CA3F5F;
			remoteInfo = Test;
		};
/* End PBXContainerItemProxy section */

/* Begin PBXFileReference section */
		586E660528FB2D0700CA3F5F /* Test.app */ = {isa = PBXFileReference; explicitFileType = wrapper.application; includeInIndex = 0; path = Test.app; sourceTree = BUILT_PRODUCTS_DIR; };
		586E660828FB2D0700CA3F5F /* TestApp.swift */ = {isa = PBXFileReference; lastKnownFileType = sourcecode.swift; path = TestApp.swift; sourceTree = "<group>"; };
		586E660A28FB2D0700CA3F5F /* ContentView.swift */ = {isa = PBXFileReference; lastKnownFileType = sourcecode.swift; path = ContentView.swift; sourceTree = "<group>"; };
		586E660C28FB2D0700CA3F5F /* Assets.xcassets */ = {isa = PBXFileReference; lastKnownFileType = folder.assetcatalog; path = Assets.xcassets; sourceTree = "<group>"; };
		586E660F28FB2D0700CA3F5F /* Preview Assets.xcassets */ = {isa = PBXFileReference; lastKnownFileType = folder.assetcatalog; path = "Preview Assets.xcassets"; sourceTree = "<group>"; };
		586E661128FB2D0700CA3F5F /* Persistence.swift */ = {isa = PBXFileReference; lastKnownFileType = sourcecode.swift; path = Persistence.swift; sourceTree = "<group>"; };
		586E661428FB2D0700CA3F5F /* Test.xcdatamodel */ = {isa = PBXFileReference; lastKnownFileType = wrapper.xcdatamodel; path = Test.xcdatamodel; sourceTree = "<group>"; };
		586E661A28FB2D0700CA3F5F /* TestTests.xctest */ = {isa = PBXFileReference; explicitFileType = wrapper.cfbundle; includeInIndex = 0; path = TestTests.xctest; sourceTree = BUILT_PRODUCTS_DIR; };
		586E661E28FB2D0700CA3F5F /* TestTests.swift */ = {isa = PBXFileReference; lastKnownFileType = sourcecode.swift; path = TestTests.swift; sourceTree = "<group>"; };
		586E662428FB2D0700CA3F5F /* TestUITests.xctest */ = {isa = PBXFileReference; explicitFileType = wrapper.cfbundle; includeInIndex = 0; path = TestUITests.xctest; sourceTree = BUILT_PRODUCTS_DIR; };
		586E662828FB2D0700CA3F5F /* TestUITests.swift */ = {isa = PBXFileReference; lastKnownFileType = sourcecode.swift; path = TestUITests.swift; sourceTree = "<group>"; };
		586E662A28FB2D0700CA3F5F /* TestUITestsLaunchTests.swift */ = {isa = PBXFileReference; lastKnownFileType = sourcecode.swift; path = TestUITestsLaunchTests.swift; sourceTree = "<group>"; };
/* End PBXFileReference section */

/* Begin PBXFrameworksBuildPhase section */
		586E660228FB2D0700CA3F5F /* Frameworks */ = {
			isa = PBXFrameworksBuildPhase;
			buildActionMask = 2147483647;
			files = (
				586E663928FB2DA600CA3F5F /* SWXMLHash in Frameworks */,
			);
			runOnlyForDeploymentPostprocessing = 0;
		};
		586E661728FB2D0700CA3F5F /* Frameworks */ = {
			isa = PBXFrameworksBuildPhase;
			buildActionMask = 2147483647;
			files = (
			);
			runOnlyForDeploymentPostprocessing = 0;
		};
		586E662128FB2D0700CA3F5F /* Frameworks */ = {
			isa = PBXFrameworksBuildPhase;
			buildActionMask = 2147483647;
			files = (
			);
			runOnlyForDeploymentPostprocessing = 0;
		};
/* End PBXFrameworksBuildPhase section */

/* Begin PBXGroup section */
		586E65FC28FB2D0700CA3F5F = {
			isa = PBXGroup;
			children = (
				586E660728FB2D0700CA3F5F /* Test */,
				586E661D28FB2D0700CA3F5F /* TestTests */,
				586E662728FB2D0700CA3F5F /* TestUITests */,
				586E660628FB2D0700CA3F5F /* Products */,
			);
			sourceTree = "<group>";
		};
		586E660628FB2D0700CA3F5F /* Products */ = {
			isa = PBXGroup;
			children = (
				586E660528FB2D0700CA3F5F /* Test.app */,
				586E661A28FB2D0700CA3F5F /* TestTests.xctest */,
				586E662428FB2D0700CA3F5F /* TestUITests.xctest */,
			);
			name = Products;
			sourceTree = "<group>";
		};
		586E660728FB2D0700CA3F5F /* Test */ = {
			isa = PBXGroup;
			children = (
				586E660828FB2D0700CA3F5F /* TestApp.swift */,
				586E660A28FB2D0700CA3F5F /* ContentView.swift */,
				586E660C28FB2D0700CA3F5F /* Assets.xcassets */,
				586E661128FB2D0700CA3F5F /* Persistence.swift */,
				586E661328FB2D0700CA3F5F /* Test.xcdatamodeld */,
				586E660E28FB2D0700CA3F5F /* Preview Content */,
			);
			path = Test;
			sourceTree = "<group>";
		};
		586E660E28FB2D0700CA3F5F /* Preview Content */ = {
			isa = PBXGroup;
			children = (
				586E660F28FB2D0700CA3F5F /* Preview Assets.xcassets */,
			);
			path = "Preview Content";
			sourceTree = "<group>";
		};
		586E661D28FB2D0700CA3F5F /* TestTests */ = {
			isa = PBXGroup;
			children = (
				586E661E28FB2D0700CA3F5F /* TestTests.swift */,
			);
			path = TestTests;
			sourceTree = "<group>";
		};
		586E662728FB2D0700CA3F5F /* TestUITests */ = {
			isa = PBXGroup;
			children = (
				586E662828FB2D0700CA3F5F /* TestUITests.swift */,
				586E662A28FB2D0700CA3F5F /* TestUITestsLaunchTests.swift */,
			);
			path = TestUITests;
			sourceTree = "<group>";
		};
/* End PBXGroup section */

/* Begin PBXNativeTarget section */
		586E660428FB2D0700CA3F5F /* Test */ = {
			isa = PBXNativeTarget;
			buildConfigurationList = 586E662E28FB2D0700CA3F5F /* Build configuration list for PBXNativeTarget "Test" */;
			buildPhases = (
				586E660128FB2D0700CA3F5F /* Sources */,
				586E660228FB2D0700CA3F5F /* Frameworks */,
				586E660328FB2D0700CA3F5F /* Resources */,
			);
			buildRules = (
			);
			dependencies = (
			);
			name = Test;
			packageProductDependencies = (
				586E663828FB2DA600CA3F5F /* SWXMLHash */,
			);
			productName = Test;
			productReference = 586E660528FB2D0700CA3F5F /* Test.app */;
			productType = "com.apple.product-type.application";
		};
		586E661928FB2D0700CA3F5F /* TestTests */ = {
			isa = PBXNativeTarget;
			buildConfigurationList = 586E663128FB2D0700CA3F5F /* Build configuration list for PBXNativeTarget "TestTests" */;
			buildPhases = (
				586E661628FB2D0700CA3F5F /* Sources */,
				586E661728FB2D0700CA3F5F /* Frameworks */,
				586E661828FB2D0700CA3F5F /* Resources */,
			);
			buildRules = (
			);
			dependencies = (
				586E661C28FB2D0700CA3F5F /* PBXTargetDependency */,
			);
			name = TestTests;
			productName = TestTests;
			productReference = 586E661A28FB2D0700CA3F5F /* TestTests.xctest */;
			productType = "com.apple.product-type.bundle.unit-test";
		};
		586E662328FB2D0700CA3F5F /* TestUITests */ = {
			isa = PBXNativeTarget;
			buildConfigurationList = 586E663428FB2D0700CA3F5F /* Build configuration list for PBXNativeTarget "TestUITests" */;
			buildPhases = (
				586E662028FB2D0700CA3F5F /* Sources */,
				586E662128FB2D0700CA3F5F /* Frameworks */,
				586E662228FB2D0700CA3F5F /* Resources */,
			);
			buildRules = (
			);
			dependencies = (
				586E662628FB2D0700CA3F5F /* PBXTargetDependency */,
			);
			name = TestUITests;
			productName = TestUITests;
			productReference = 586E662428FB2D0700CA3F5F /* TestUITests.xctest */;
			productType = "com.apple.product-type.bundle.ui-testing";
		};
/* End PBXNativeTarget section */

/* Begin PBXProject section */
		586E65FD28FB2D0700CA3F5F /* Project object */ = {
			isa = PBXProject;
			attributes = {
				BuildIndependentTargetsInParallel = 1;
				LastSwiftUpdateCheck = 1400;
				LastUpgradeCheck = 1400;
				TargetAttributes = {
					586E660428FB2D0700CA3F5F = {
						CreatedOnToolsVersion = 14.0.1;
					};
					586E661928FB2D0700CA3F5F = {
						CreatedOnToolsVersion = 14.0.1;
						TestTargetID = 586E660428FB2D0700CA3F5F;
					};
					586E662328FB2D0700CA3F5F = {
						CreatedOnToolsVersion = 14.0.1;
						TestTargetID = 586E660428FB2D0700CA3F5F;
					};
				};
			};
			buildConfigurationList = 586E660028FB2D0700CA3F5F /* Build configuration list for PBXProject "Test" */;
			compatibilityVersion = "Xcode 14.0";
			developmentRegion = en;
			hasScannedForEncodings = 0;
			knownRegions = (
				en,
				Base,
			);
			mainGroup = 586E65FC28FB2D0700CA3F5F;
			packageReferences = (
				586E663728FB2DA600CA3F5F /* XCRemoteSwiftPackageReference "SWXMLHash" */,
			);
			productRefGroup = 586E660628FB2D0700CA3F5F /* Products */;
			projectDirPath = "";
			projectRoot = "";
			targets = (
				586E660428FB2D0700CA3F5F /* Test */,
				586E661928FB2D0700CA3F5F /* TestTests */,
				586E662328FB2D0700CA3F5F /* TestUITests */,
			);
		};
/* End PBXProject section */

/* Begin PBXResourcesBuildPhase section */
		586E660328FB2D0700CA3F5F /* Resources */ = {
			isa = PBXResourcesBuildPhase;
			buildActionMask = 2147483647;
			files = (
				586E661028FB2D0700CA3F5F /* Preview Assets.xcassets in Resources */,
				586E660D28FB2D0700CA3F5F /* Assets.xcassets in Resources */,
			);
			runOnlyForDeploymentPostprocessing = 0;
		};
		586E661828FB2D0700CA3F5F /* Resources */ = {
			isa = PBXResourcesBuildPhase;
			buildActionMask = 2147483647;
			files = (
			);
			runOnlyForDeploymentPostprocessing = 0;
		};
		586E662228FB2D0700CA3F5F /* Resources */ = {
			isa = PBXResourcesBuildPhase;
			buildActionMask = 2147483647;
			files = (
			);
			runOnlyForDeploymentPostprocessing = 0;
		};
/* End PBXResourcesBuildPhase section */

/* Begin PBXSourcesBuildPhase section */
		586E660128FB2D0700CA3F5F /* Sources */ = {
			isa = PBXSourcesBuildPhase;
			buildActionMask = 2147483647;
			files = (
				586E661228FB2D0700CA3F5F /* Persistence.swift in Sources */,
				586E661528FB2D0700CA3F5F /* Test.xcdatamodeld in Sources */,
				586E660B28FB2D0700CA3F5F /* ContentView.swift in Sources */,
				586E660928FB2D0700CA3F5F /* TestApp.swift in Sources */,
			);
			runOnlyForDeploymentPostprocessing = 0;
		};
		586E661628FB2D0700CA3F5F /* Sources */ = {
			isa = PBXSourcesBuildPhase;
			buildActionMask = 2147483647;
			files = (
				586E661F28FB2D0700CA3F5F /* TestTests.swift in Sources */,
			);
			runOnlyForDeploymentPostprocessing = 0;
		};
		586E662028FB2D0700CA3F5F /* Sources */ = {
			isa = PBXSourcesBuildPhase;
			buildActionMask = 2147483647;
			files = (
				586E662B28FB2D0700CA3F5F /* TestUITestsLaunchTests.swift in Sources */,
				586E662928FB2D0700CA3F5F /* TestUITests.swift in Sources */,
			);
			runOnlyForDeploymentPostprocessing = 0;
		};
/* End PBXSourcesBuildPhase section */

/* Begin PBXTargetDependency section */
		586E661C28FB2D0700CA3F5F /* PBXTargetDependency */ = {
			isa = PBXTargetDependency;
			target = 586E660428FB2D0700CA3F5F /* Test */;
			targetProxy = 586E661B28FB2D0700CA3F5F /* PBXContainerItemProxy */;
		};
		586E662628FB2D0700CA3F5F /* PBXTargetDependency */ = {
			isa = PBXTargetDependency;
			target = 586E660428FB2D0700CA3F5F /* Test */;
			targetProxy = 586E662528FB2D0700CA3F5F /* PBXContainerItemProxy */;
		};
/* End PBXTargetDependency section */

/* Begin XCBuildConfiguration section */
		586E662C28FB2D0700CA3F5F /* Debug */ = {
			isa = XCBuildConfiguration;
			buildSettings = {
				ALWAYS_SEARCH_USER_PATHS = NO;
				CLANG_ANALYZER_NONNULL = YES;
				CLANG_ANALYZER_NUMBER_OBJECT_CONVERSION = YES_AGGRESSIVE;
				CLANG_CXX_LANGUAGE_STANDARD = "gnu++20";
				CLANG_ENABLE_MODULES = YES;
				CLANG_ENABLE_OBJC_ARC = YES;
				CLANG_ENABLE_OBJC_WEAK = YES;
				CLANG_WARN_BLOCK_CAPTURE_AUTORELEASING = YES;
				CLANG_WARN_BOOL_CONVERSION = YES;
				CLANG_WARN_COMMA = YES;
				CLANG_WARN_CONSTANT_CONVERSION = YES;
				CLANG_WARN_DEPRECATED_OBJC_IMPLEMENTATIONS = YES;
				CLANG_WARN_DIRECT_OBJC_ISA_USAGE = YES_ERROR;
				CLANG_WARN_DOCUMENTATION_COMMENTS = YES;
				CLANG_WARN_EMPTY_BODY = YES;
				CLANG_WARN_ENUM_CONVERSION = YES;
				CLANG_WARN_INFINITE_RECURSION = YES;
				CLANG_WARN_INT_CONVERSION = YES;
				CLANG_WARN_NON_LITERAL_NULL_CONVERSION = YES;
				CLANG_WARN_OBJC_IMPLICIT_RETAIN_SELF = YES;
				CLANG_WARN_OBJC_LITERAL_CONVERSION = YES;
				CLANG_WARN_OBJC_ROOT_CLASS = YES_ERROR;
				CLANG_WARN_QUOTED_INCLUDE_IN_FRAMEWORK_HEADER = YES;
				CLANG_WARN_RANGE_LOOP_ANALYSIS = YES;
				CLANG_WARN_STRICT_PROTOTYPES = YES;
				CLANG_WARN_SUSPICIOUS_MOVE = YES;
				CLANG_WARN_UNGUARDED_AVAILABILITY = YES_AGGRESSIVE;
				CLANG_WARN_UNREACHABLE_CODE = YES;
				CLANG_WARN__DUPLICATE_METHOD_MATCH = YES;
				COPY_PHASE_STRIP = NO;
				DEBUG_INFORMATION_FORMAT = dwarf;
				ENABLE_STRICT_OBJC_MSGSEND = YES;
				ENABLE_TESTABILITY = YES;
				GCC_C_LANGUAGE_STANDARD = gnu11;
				GCC_DYNAMIC_NO_PIC = NO;
				GCC_NO_COMMON_BLOCKS = YES;
				GCC_OPTIMIZATION_LEVEL = 0;
				GCC_PREPROCESSOR_DEFINITIONS = (
					"DEBUG=1",
					"$(inherited)",
				);
				GCC_WARN_64_TO_32_BIT_CONVERSION = YES;
				GCC_WARN_ABOUT_RETURN_TYPE = YES_ERROR;
				GCC_WARN_UNDECLARED_SELECTOR = YES;
				GCC_WARN_UNINITIALIZED_AUTOS = YES_AGGRESSIVE;
				GCC_WARN_UNUSED_FUNCTION = YES;
				GCC_WARN_UNUSED_VARIABLE = YES;
				IPHONEOS_DEPLOYMENT_TARGET = 16.0;
				MTL_ENABLE_DEBUG_INFO = INCLUDE_SOURCE;
				MTL_FAST_MATH = YES;
				ONLY_ACTIVE_ARCH = YES;
				SDKROOT = iphoneos;
				SWIFT_ACTIVE_COMPILATION_CONDITIONS = DEBUG;
				SWIFT_OPTIMIZATION_LEVEL = "-Onone";
			};
			name = Debug;
		};
		586E662D28FB2D0700CA3F5F /* Release */ = {
			isa = XCBuildConfiguration;
			buildSettings = {
				ALWAYS_SEARCH_USER_PATHS = NO;
				CLANG_ANALYZER_NONNULL = YES;
				CLANG_ANALYZER_NUMBER_OBJECT_CONVERSION = YES_AGGRESSIVE;
				CLANG_CXX_LANGUAGE_STANDARD = "gnu++20";
				CLANG_ENABLE_MODULES = YES;
				CLANG_ENABLE_OBJC_ARC = YES;
				CLANG_ENABLE_OBJC_WEAK = YES;
				CLANG_WARN_BLOCK_CAPTURE_AUTORELEASING = YES;
				CLANG_WARN_BOOL_CONVERSION = YES;
				CLANG_WARN_COMMA = YES;
				CLANG_WARN_CONSTANT_CONVERSION = YES;
				CLANG_WARN_DEPRECATED_OBJC_IMPLEMENTATIONS = YES;
				CLANG_WARN_DIRECT_OBJC_ISA_USAGE = YES_ERROR;
				CLANG_WARN_DOCUMENTATION_COMMENTS = YES;
				CLANG_WARN_EMPTY_BODY = YES;
				CLANG_WARN_ENUM_CONVERSION = YES;
				CLANG_WARN_INFINITE_RECURSION = YES;
				CLANG_WARN_INT_CONVERSION = YES;
				CLANG_WARN_NON_LITERAL_NULL_CONVERSION = YES;
				CLANG_WARN_OBJC_IMPLICIT_RETAIN_SELF = YES;
				CLANG_WARN_OBJC_LITERAL_CONVERSION = YES;
				CLANG_WARN_OBJC_ROOT_CLASS = YES_ERROR;
				CLANG_WARN_QUOTED_INCLUDE_IN_FRAMEWORK_HEADER = YES;
				CLANG_WARN_RANGE_LOOP_ANALYSIS = YES;
				CLANG_WARN_STRICT_PROTOTYPES = YES;
				CLANG_WARN_SUSPICIOUS_MOVE = YES;
				CLANG_WARN_UNGUARDED_AVAILABILITY = YES_AGGRESSIVE;
				CLANG_WARN_UNREACHABLE_CODE = YES;
				CLANG_WARN__DUPLICATE_METHOD_MATCH = YES;
				COPY_PHASE_STRIP = NO;
				DEBUG_INFORMATION_FORMAT = "dwarf-with-dsym";
				ENABLE_NS_ASSERTIONS = NO;
				ENABLE_STRICT_OBJC_MSGSEND = YES;
				GCC_C_LANGUAGE_STANDARD = gnu11;
				GCC_NO_COMMON_BLOCKS = YES;
				GCC_WARN_64_TO_32_BIT_CONVERSION = YES;
				GCC_WARN_ABOUT_RETURN_TYPE = YES_ERROR;
				GCC_WARN_UNDECLARED_SELECTOR = YES;
				GCC_WARN_UNINITIALIZED_AUTOS = YES_AGGRESSIVE;
				GCC_WARN_UNUSED_FUNCTION = YES;
				GCC_WARN_UNUSED_VARIABLE = YES;
				IPHONEOS_DEPLOYMENT_TARGET = 16.0;
				MTL_ENABLE_DEBUG_INFO = NO;
				MTL_FAST_MATH = YES;
				SDKROOT = iphoneos;
				SWIFT_COMPILATION_MODE = wholemodule;
				SWIFT_OPTIMIZATION_LEVEL = "-O";
				VALIDATE_PRODUCT = YES;
			};
			name = Release;
		};
		586E662F28FB2D0700CA3F5F /* Debug */ = {
			isa = XCBuildConfiguration;
			buildSettings = {
				ASSETCATALOG_COMPILER_APPICON_NAME = AppIcon;
				ASSETCATALOG_COMPILER_GLOBAL_ACCENT_COLOR_NAME = AccentColor;
				CODE_SIGN_STYLE = Automatic;
				CURRENT_PROJECT_VERSION = 1;
				DEVELOPMENT_ASSET_PATHS = "\"Test/Preview Content\"";
				ENABLE_PREVIEWS = YES;
				GENERATE_INFOPLIST_FILE = YES;
				INFOPLIST_KEY_UIApplicationSceneManifest_Generation = YES;
				INFOPLIST_KEY_UIApplicationSupportsIndirectInputEvents = YES;
				INFOPLIST_KEY_UILaunchScreen_Generation = YES;
				INFOPLIST_KEY_UISupportedInterfaceOrientations_iPad = "UIInterfaceOrientationPortrait UIInterfaceOrientationPortraitUpsideDown UIInterfaceOrientationLandscapeLeft UIInterfaceOrientationLandscapeRight";
				INFOPLIST_KEY_UISupportedInterfaceOrientations_iPhone = "UIInterfaceOrientationPortrait UIInterfaceOrientationLandscapeLeft UIInterfaceOrientationLandscapeRight";
				LD_RUNPATH_SEARCH_PATHS = (
					"$(inherited)",
					"@executable_path/Frameworks",
				);
				MARKETING_VERSION = 1.0;
				PRODUCT_BUNDLE_IDENTIFIER = "CISC-5140-Mobile-Device-Programming.Test";
				PRODUCT_NAME = "$(TARGET_NAME)";
				SWIFT_EMIT_LOC_STRINGS = YES;
				SWIFT_VERSION = 5.0;
				TARGETED_DEVICE_FAMILY = "1,2";
			};
			name = Debug;
		};
		586E663028FB2D0700CA3F5F /* Release */ = {
			isa = XCBuildConfiguration;
			buildSettings = {
				ASSETCATALOG_COMPILER_APPICON_NAME = AppIcon;
				ASSETCATALOG_COMPILER_GLOBAL_ACCENT_COLOR_NAME = AccentColor;
				CODE_SIGN_STYLE = Automatic;
				CURRENT_PROJECT_VERSION = 1;
				DEVELOPMENT_ASSET_PATHS = "\"Test/Preview Content\"";
				ENABLE_PREVIEWS = YES;
				GENERATE_INFOPLIST_FILE = YES;
				INFOPLIST_KEY_UIApplicationSceneManifest_Generation = YES;
				INFOPLIST_KEY_UIApplicationSupportsIndirectInputEvents = YES;
				INFOPLIST_KEY_UILaunchScreen_Generation = YES;
				INFOPLIST_KEY_UISupportedInterfaceOrientations_iPad = "UIInterfaceOrientationPortrait UIInterfaceOrientationPortraitUpsideDown UIInterfaceOrientationLandscapeLeft UIInterfaceOrientationLandscapeRight";
				INFOPLIST_KEY_UISupportedInterfaceOrientations_iPhone = "UIInterfaceOrientationPortrait UIInterfaceOrientationLandscapeLeft UIInterfaceOrientationLandscapeRight";
				LD_RUNPATH_SEARCH_PATHS = (
					"$(inherited)",
					"@executable_path/Frameworks",
				);
				MARKETING_VERSION = 1.0;
				PRODUCT_BUNDLE_IDENTIFIER = "CISC-5140-Mobile-Device-Programming.Test";
				PRODUCT_NAME = "$(TARGET_NAME)";
				SWIFT_EMIT_LOC_STRINGS = YES;
				SWIFT_VERSION = 5.0;
				TARGETED_DEVICE_FAMILY = "1,2";
			};
			name = Release;
		};
		586E663228FB2D0700CA3F5F /* Debug */ = {
			isa = XCBuildConfiguration;
			buildSettings = {
				ALWAYS_EMBED_SWIFT_STANDARD_LIBRARIES = YES;
				BUNDLE_LOADER = "$(TEST_HOST)";
				CODE_SIGN_STYLE = Automatic;
				CURRENT_PROJECT_VERSION = 1;
				GENERATE_INFOPLIST_FILE = YES;
				IPHONEOS_DEPLOYMENT_TARGET = 16.0;
				MARKETING_VERSION = 1.0;
				PRODUCT_BUNDLE_IDENTIFIER = "CISC-5140-Mobile-Device-Programming.TestTests";
				PRODUCT_NAME = "$(TARGET_NAME)";
				SWIFT_EMIT_LOC_STRINGS = NO;
				SWIFT_VERSION = 5.0;
				TARGETED_DEVICE_FAMILY = "1,2";
				TEST_HOST = "$(BUILT_PRODUCTS_DIR)/Test.app/$(BUNDLE_EXECUTABLE_FOLDER_PATH)/Test";
			};
			name = Debug;
		};
		586E663328FB2D0700CA3F5F /* Release */ = {
			isa = XCBuildConfiguration;
			buildSettings = {
				ALWAYS_EMBED_SWIFT_STANDARD_LIBRARIES = YES;
				BUNDLE_LOADER = "$(TEST_HOST)";
				CODE_SIGN_STYLE = Automatic;
				CURRENT_PROJECT_VERSION = 1;
				GENERATE_INFOPLIST_FILE = YES;
				IPHONEOS_DEPLOYMENT_TARGET = 16.0;
				MARKETING_VERSION = 1.0;
				PRODUCT_BUNDLE_IDENTIFIER = "CISC-5140-Mobile-Device-Programming.TestTests";
				PRODUCT_NAME = "$(TARGET_NAME)";
				SWIFT_EMIT_LOC_STRINGS = NO;
				SWIFT_VERSION = 5.0;
				TARGETED_DEVICE_FAMILY = "1,2";
				TEST_HOST = "$(BUILT_PRODUCTS_DIR)/Test.app/$(BUNDLE_EXECUTABLE_FOLDER_PATH)/Test";
			};
			name = Release;
		};
		586E663528FB2D0700CA3F5F /* Debug */ = {
			isa = XCBuildConfiguration;
			buildSettings = {
				ALWAYS_EMBED_SWIFT_STANDARD_LIBRARIES = YES;
				CODE_SIGN_STYLE = Automatic;
				CURRENT_PROJECT_VERSION = 1;
				GENERATE_INFOPLIST_FILE = YES;
				MARKETING_VERSION = 1.0;
				PRODUCT_BUNDLE_IDENTIFIER = "CISC-5140-Mobile-Device-Programming.TestUITests";
				PRODUCT_NAME = "$(TARGET_NAME)";
				SWIFT_EMIT_LOC_STRINGS = NO;
				SWIFT_VERSION = 5.0;
				TARGETED_DEVICE_FAMILY = "1,2";
				TEST_TARGET_NAME = Test;
			};
			name = Debug;
		};
		586E663628FB2D0700CA3F5F /* Release */ = {
			isa = XCBuildConfiguration;
			buildSettings = {
				ALWAYS_EMBED_SWIFT_STANDARD_LIBRARIES = YES;
				CODE_SIGN_STYLE = Automatic;
				CURRENT_PROJECT_VERSION = 1;
				GENERATE_INFOPLIST_FILE = YES;
				MARKETING_VERSION = 1.0;
				PRODUCT_BUNDLE_IDENTIFIER = "CISC-5140-Mobile-Device-Programming.TestUITests";
				PRODUCT_NAME = "$(TARGET_NAME)";
				SWIFT_EMIT_LOC_STRINGS = NO;
				SWIFT_VERSION = 5.0;
				TARGETED_DEVICE_FAMILY = "1,2";
				TEST_TARGET_NAME = Test;
			};
			name = Release;
		};
/* End XCBuildConfiguration section */

/* Begin XCConfigurationList section */
		586E660028FB2D0700CA3F5F /* Build configuration list for PBXProject "Test" */ = {
			isa = XCConfigurationList;
			buildConfigurations = (
				586E662C28FB2D0700CA3F5F /* Debug */,
				586E662D28FB2D0700CA3F5F /* Release */,
			);
			defaultConfigurationIsVisible = 0;
			defaultConfigurationName = Release;
		};
		586E662E28FB2D0700CA3F5F /* Build configuration list for PBXNativeTarget "Test" */ = {
			isa = XCConfigurationList;
			buildConfigurations = (
				586E662F28FB2D0700CA3F5F /* Debug */,
				586E663028FB2D0700CA3F5F /* Release */,
			);
			defaultConfigurationIsVisible = 0;
			defaultConfigurationName = Release;
		};
		586E663128FB2D0700CA3F5F /* Build configuration list for PBXNativeTarget "TestTests" */ = {
			isa = XCConfigurationList;
			buildConfigurations = (
				586E663228FB2D0700CA3F5F /* Debug */,
				586E663328FB2D0700CA3F5F /* Release */,
			);
			defaultConfigurationIsVisible = 0;
			defaultConfigurationName = Release;
		};
		586E663428FB2D0700CA3F5F /* Build configuration list for PBXNativeTarget "TestUITests" */ = {
			isa = XCConfigurationList;
			buildConfigurations = (
				586E663528FB2D0700CA3F5F /* Debug */,
				586E663628FB2D0700CA3F5F /* Release */,
			);
			defaultConfigurationIsVisible = 0;
			defaultConfigurationName = Release;
		};
/* End XCConfigurationList section */

/* Begin XCRemoteSwiftPackageReference section */
		586E663728FB2DA600CA3F5F /* XCRemoteSwiftPackageReference "SWXMLHash" */ = {
			isa = XCRemoteSwiftPackageReference;
			repositoryURL = "https://github.com/drmohundro/SWXMLHash.git";
			requirement = {
				kind = upToNextMajorVersion;
				minimumVersion = 7.0.0;
			};
		};
/* End XCRemoteSwiftPackageReference section */

/* Begin XCSwiftPackageProductDependency section */
		586E663828FB2DA600CA3F5F /* SWXMLHash */ = {
			isa = XCSwiftPackageProductDependency;
			package = 586E663728FB2DA600CA3F5F /* XCRemoteSwiftPackageReference "SWXMLHash" */;
			productName = SWXMLHash;
		};
/* End XCSwiftPackageProductDependency section */

/* Begin XCVersionGroup section */
		586E661328FB2D0700CA3F5F /* Test.xcdatamodeld */ = {
			isa = XCVersionGroup;
			children = (
				586E661428FB2D0700CA3F5F /* Test.xcdatamodel */,
			);
			currentVersion = 586E661428FB2D0700CA3F5F /* Test.xcdatamodel */;
			path = Test.xcdatamodeld;
			sourceTree = "<group>";
			versionGroupType = wrapper.xcdatamodel;
		};
/* End XCVersionGroup section */
	};
	rootObject = 586E65FD28FB2D0700CA3F5F /* Project object */;
}
