// !$*UTF8*$!
{
	archiveVersion = 1;
	classes = {
	};
	objectVersion = 56;
	objects = {

/* Begin PBXBuildFile section */
		58EF6E8E28E10F5D00430069 /* Lab_2App.swift in Sources */ = {isa = PBXBuildFile; fileRef = 58EF6E8D28E10F5D00430069 /* Lab_2App.swift */; };
		58EF6E9028E10F5D00430069 /* ContentView.swift in Sources */ = {isa = PBXBuildFile; fileRef = 58EF6E8F28E10F5D00430069 /* ContentView.swift */; };
		58EF6E9228E10F5E00430069 /* Assets.xcassets in Resources */ = {isa = PBXBuildFile; fileRef = 58EF6E9128E10F5E00430069 /* Assets.xcassets */; };
		58EF6E9528E10F5E00430069 /* Preview Assets.xcassets in Resources */ = {isa = PBXBuildFile; fileRef = 58EF6E9428E10F5E00430069 /* Preview Assets.xcassets */; };
		58EF6E9728E10F5E00430069 /* Persistence.swift in Sources */ = {isa = PBXBuildFile; fileRef = 58EF6E9628E10F5E00430069 /* Persistence.swift */; };
		58EF6E9A28E10F5E00430069 /* Lab_2.xcdatamodeld in Sources */ = {isa = PBXBuildFile; fileRef = 58EF6E9828E10F5E00430069 /* Lab_2.xcdatamodeld */; };
		58EF6EA428E10F5E00430069 /* Lab_2Tests.swift in Sources */ = {isa = PBXBuildFile; fileRef = 58EF6EA328E10F5E00430069 /* Lab_2Tests.swift */; };
		58EF6EAE28E10F5E00430069 /* Lab_2UITests.swift in Sources */ = {isa = PBXBuildFile; fileRef = 58EF6EAD28E10F5E00430069 /* Lab_2UITests.swift */; };
		58EF6EB028E10F5E00430069 /* Lab_2UITestsLaunchTests.swift in Sources */ = {isa = PBXBuildFile; fileRef = 58EF6EAF28E10F5E00430069 /* Lab_2UITestsLaunchTests.swift */; };
/* End PBXBuildFile section */

/* Begin PBXContainerItemProxy section */
		58EF6EA028E10F5E00430069 /* PBXContainerItemProxy */ = {
			isa = PBXContainerItemProxy;
			containerPortal = 58EF6E8228E10F5D00430069 /* Project object */;
			proxyType = 1;
			remoteGlobalIDString = 58EF6E8928E10F5D00430069;
			remoteInfo = "Lab 2";
		};
		58EF6EAA28E10F5E00430069 /* PBXContainerItemProxy */ = {
			isa = PBXContainerItemProxy;
			containerPortal = 58EF6E8228E10F5D00430069 /* Project object */;
			proxyType = 1;
			remoteGlobalIDString = 58EF6E8928E10F5D00430069;
			remoteInfo = "Lab 2";
		};
/* End PBXContainerItemProxy section */

/* Begin PBXFileReference section */
		58EF6E8A28E10F5D00430069 /* Lab 2.app */ = {isa = PBXFileReference; explicitFileType = wrapper.application; includeInIndex = 0; path = "Lab 2.app"; sourceTree = BUILT_PRODUCTS_DIR; };
		58EF6E8D28E10F5D00430069 /* Lab_2App.swift */ = {isa = PBXFileReference; lastKnownFileType = sourcecode.swift; path = Lab_2App.swift; sourceTree = "<group>"; };
		58EF6E8F28E10F5D00430069 /* ContentView.swift */ = {isa = PBXFileReference; lastKnownFileType = sourcecode.swift; path = ContentView.swift; sourceTree = "<group>"; };
		58EF6E9128E10F5E00430069 /* Assets.xcassets */ = {isa = PBXFileReference; lastKnownFileType = folder.assetcatalog; path = Assets.xcassets; sourceTree = "<group>"; };
		58EF6E9428E10F5E00430069 /* Preview Assets.xcassets */ = {isa = PBXFileReference; lastKnownFileType = folder.assetcatalog; path = "Preview Assets.xcassets"; sourceTree = "<group>"; };
		58EF6E9628E10F5E00430069 /* Persistence.swift */ = {isa = PBXFileReference; lastKnownFileType = sourcecode.swift; path = Persistence.swift; sourceTree = "<group>"; };
		58EF6E9928E10F5E00430069 /* Lab_2.xcdatamodel */ = {isa = PBXFileReference; lastKnownFileType = wrapper.xcdatamodel; path = Lab_2.xcdatamodel; sourceTree = "<group>"; };
		58EF6E9F28E10F5E00430069 /* Lab 2Tests.xctest */ = {isa = PBXFileReference; explicitFileType = wrapper.cfbundle; includeInIndex = 0; path = "Lab 2Tests.xctest"; sourceTree = BUILT_PRODUCTS_DIR; };
		58EF6EA328E10F5E00430069 /* Lab_2Tests.swift */ = {isa = PBXFileReference; lastKnownFileType = sourcecode.swift; path = Lab_2Tests.swift; sourceTree = "<group>"; };
		58EF6EA928E10F5E00430069 /* Lab 2UITests.xctest */ = {isa = PBXFileReference; explicitFileType = wrapper.cfbundle; includeInIndex = 0; path = "Lab 2UITests.xctest"; sourceTree = BUILT_PRODUCTS_DIR; };
		58EF6EAD28E10F5E00430069 /* Lab_2UITests.swift */ = {isa = PBXFileReference; lastKnownFileType = sourcecode.swift; path = Lab_2UITests.swift; sourceTree = "<group>"; };
		58EF6EAF28E10F5E00430069 /* Lab_2UITestsLaunchTests.swift */ = {isa = PBXFileReference; lastKnownFileType = sourcecode.swift; path = Lab_2UITestsLaunchTests.swift; sourceTree = "<group>"; };
/* End PBXFileReference section */

/* Begin PBXFrameworksBuildPhase section */
		58EF6E8728E10F5D00430069 /* Frameworks */ = {
			isa = PBXFrameworksBuildPhase;
			buildActionMask = 2147483647;
			files = (
			);
			runOnlyForDeploymentPostprocessing = 0;
		};
		58EF6E9C28E10F5E00430069 /* Frameworks */ = {
			isa = PBXFrameworksBuildPhase;
			buildActionMask = 2147483647;
			files = (
			);
			runOnlyForDeploymentPostprocessing = 0;
		};
		58EF6EA628E10F5E00430069 /* Frameworks */ = {
			isa = PBXFrameworksBuildPhase;
			buildActionMask = 2147483647;
			files = (
			);
			runOnlyForDeploymentPostprocessing = 0;
		};
/* End PBXFrameworksBuildPhase section */

/* Begin PBXGroup section */
		58EF6E8128E10F5D00430069 = {
			isa = PBXGroup;
			children = (
				58EF6E8C28E10F5D00430069 /* Lab 2 */,
				58EF6EA228E10F5E00430069 /* Lab 2Tests */,
				58EF6EAC28E10F5E00430069 /* Lab 2UITests */,
				58EF6E8B28E10F5D00430069 /* Products */,
			);
			sourceTree = "<group>";
		};
		58EF6E8B28E10F5D00430069 /* Products */ = {
			isa = PBXGroup;
			children = (
				58EF6E8A28E10F5D00430069 /* Lab 2.app */,
				58EF6E9F28E10F5E00430069 /* Lab 2Tests.xctest */,
				58EF6EA928E10F5E00430069 /* Lab 2UITests.xctest */,
			);
			name = Products;
			sourceTree = "<group>";
		};
		58EF6E8C28E10F5D00430069 /* Lab 2 */ = {
			isa = PBXGroup;
			children = (
				58EF6E8D28E10F5D00430069 /* Lab_2App.swift */,
				58EF6E8F28E10F5D00430069 /* ContentView.swift */,
				58EF6E9128E10F5E00430069 /* Assets.xcassets */,
				58EF6E9628E10F5E00430069 /* Persistence.swift */,
				58EF6E9828E10F5E00430069 /* Lab_2.xcdatamodeld */,
				58EF6E9328E10F5E00430069 /* Preview Content */,
			);
			path = "Lab 2";
			sourceTree = "<group>";
		};
		58EF6E9328E10F5E00430069 /* Preview Content */ = {
			isa = PBXGroup;
			children = (
				58EF6E9428E10F5E00430069 /* Preview Assets.xcassets */,
			);
			path = "Preview Content";
			sourceTree = "<group>";
		};
		58EF6EA228E10F5E00430069 /* Lab 2Tests */ = {
			isa = PBXGroup;
			children = (
				58EF6EA328E10F5E00430069 /* Lab_2Tests.swift */,
			);
			path = "Lab 2Tests";
			sourceTree = "<group>";
		};
		58EF6EAC28E10F5E00430069 /* Lab 2UITests */ = {
			isa = PBXGroup;
			children = (
				58EF6EAD28E10F5E00430069 /* Lab_2UITests.swift */,
				58EF6EAF28E10F5E00430069 /* Lab_2UITestsLaunchTests.swift */,
			);
			path = "Lab 2UITests";
			sourceTree = "<group>";
		};
/* End PBXGroup section */

/* Begin PBXNativeTarget section */
		58EF6E8928E10F5D00430069 /* Lab 2 */ = {
			isa = PBXNativeTarget;
			buildConfigurationList = 58EF6EB328E10F5E00430069 /* Build configuration list for PBXNativeTarget "Lab 2" */;
			buildPhases = (
				58EF6E8628E10F5D00430069 /* Sources */,
				58EF6E8728E10F5D00430069 /* Frameworks */,
				58EF6E8828E10F5D00430069 /* Resources */,
			);
			buildRules = (
			);
			dependencies = (
			);
			name = "Lab 2";
			productName = "Lab 2";
			productReference = 58EF6E8A28E10F5D00430069 /* Lab 2.app */;
			productType = "com.apple.product-type.application";
		};
		58EF6E9E28E10F5E00430069 /* Lab 2Tests */ = {
			isa = PBXNativeTarget;
			buildConfigurationList = 58EF6EB628E10F5E00430069 /* Build configuration list for PBXNativeTarget "Lab 2Tests" */;
			buildPhases = (
				58EF6E9B28E10F5E00430069 /* Sources */,
				58EF6E9C28E10F5E00430069 /* Frameworks */,
				58EF6E9D28E10F5E00430069 /* Resources */,
			);
			buildRules = (
			);
			dependencies = (
				58EF6EA128E10F5E00430069 /* PBXTargetDependency */,
			);
			name = "Lab 2Tests";
			productName = "Lab 2Tests";
			productReference = 58EF6E9F28E10F5E00430069 /* Lab 2Tests.xctest */;
			productType = "com.apple.product-type.bundle.unit-test";
		};
		58EF6EA828E10F5E00430069 /* Lab 2UITests */ = {
			isa = PBXNativeTarget;
			buildConfigurationList = 58EF6EB928E10F5E00430069 /* Build configuration list for PBXNativeTarget "Lab 2UITests" */;
			buildPhases = (
				58EF6EA528E10F5E00430069 /* Sources */,
				58EF6EA628E10F5E00430069 /* Frameworks */,
				58EF6EA728E10F5E00430069 /* Resources */,
			);
			buildRules = (
			);
			dependencies = (
				58EF6EAB28E10F5E00430069 /* PBXTargetDependency */,
			);
			name = "Lab 2UITests";
			productName = "Lab 2UITests";
			productReference = 58EF6EA928E10F5E00430069 /* Lab 2UITests.xctest */;
			productType = "com.apple.product-type.bundle.ui-testing";
		};
/* End PBXNativeTarget section */

/* Begin PBXProject section */
		58EF6E8228E10F5D00430069 /* Project object */ = {
			isa = PBXProject;
			attributes = {
				BuildIndependentTargetsInParallel = 1;
				LastSwiftUpdateCheck = 1400;
				LastUpgradeCheck = 1400;
				TargetAttributes = {
					58EF6E8928E10F5D00430069 = {
						CreatedOnToolsVersion = 14.0;
					};
					58EF6E9E28E10F5E00430069 = {
						CreatedOnToolsVersion = 14.0;
						TestTargetID = 58EF6E8928E10F5D00430069;
					};
					58EF6EA828E10F5E00430069 = {
						CreatedOnToolsVersion = 14.0;
						TestTargetID = 58EF6E8928E10F5D00430069;
					};
				};
			};
			buildConfigurationList = 58EF6E8528E10F5D00430069 /* Build configuration list for PBXProject "Lab 2" */;
			compatibilityVersion = "Xcode 14.0";
			developmentRegion = en;
			hasScannedForEncodings = 0;
			knownRegions = (
				en,
				Base,
			);
			mainGroup = 58EF6E8128E10F5D00430069;
			productRefGroup = 58EF6E8B28E10F5D00430069 /* Products */;
			projectDirPath = "";
			projectRoot = "";
			targets = (
				58EF6E8928E10F5D00430069 /* Lab 2 */,
				58EF6E9E28E10F5E00430069 /* Lab 2Tests */,
				58EF6EA828E10F5E00430069 /* Lab 2UITests */,
			);
		};
/* End PBXProject section */

/* Begin PBXResourcesBuildPhase section */
		58EF6E8828E10F5D00430069 /* Resources */ = {
			isa = PBXResourcesBuildPhase;
			buildActionMask = 2147483647;
			files = (
				58EF6E9528E10F5E00430069 /* Preview Assets.xcassets in Resources */,
				58EF6E9228E10F5E00430069 /* Assets.xcassets in Resources */,
			);
			runOnlyForDeploymentPostprocessing = 0;
		};
		58EF6E9D28E10F5E00430069 /* Resources */ = {
			isa = PBXResourcesBuildPhase;
			buildActionMask = 2147483647;
			files = (
			);
			runOnlyForDeploymentPostprocessing = 0;
		};
		58EF6EA728E10F5E00430069 /* Resources */ = {
			isa = PBXResourcesBuildPhase;
			buildActionMask = 2147483647;
			files = (
			);
			runOnlyForDeploymentPostprocessing = 0;
		};
/* End PBXResourcesBuildPhase section */

/* Begin PBXSourcesBuildPhase section */
		58EF6E8628E10F5D00430069 /* Sources */ = {
			isa = PBXSourcesBuildPhase;
			buildActionMask = 2147483647;
			files = (
				58EF6E9728E10F5E00430069 /* Persistence.swift in Sources */,
				58EF6E9028E10F5D00430069 /* ContentView.swift in Sources */,
				58EF6E9A28E10F5E00430069 /* Lab_2.xcdatamodeld in Sources */,
				58EF6E8E28E10F5D00430069 /* Lab_2App.swift in Sources */,
			);
			runOnlyForDeploymentPostprocessing = 0;
		};
		58EF6E9B28E10F5E00430069 /* Sources */ = {
			isa = PBXSourcesBuildPhase;
			buildActionMask = 2147483647;
			files = (
				58EF6EA428E10F5E00430069 /* Lab_2Tests.swift in Sources */,
			);
			runOnlyForDeploymentPostprocessing = 0;
		};
		58EF6EA528E10F5E00430069 /* Sources */ = {
			isa = PBXSourcesBuildPhase;
			buildActionMask = 2147483647;
			files = (
				58EF6EAE28E10F5E00430069 /* Lab_2UITests.swift in Sources */,
				58EF6EB028E10F5E00430069 /* Lab_2UITestsLaunchTests.swift in Sources */,
			);
			runOnlyForDeploymentPostprocessing = 0;
		};
/* End PBXSourcesBuildPhase section */

/* Begin PBXTargetDependency section */
		58EF6EA128E10F5E00430069 /* PBXTargetDependency */ = {
			isa = PBXTargetDependency;
			target = 58EF6E8928E10F5D00430069 /* Lab 2 */;
			targetProxy = 58EF6EA028E10F5E00430069 /* PBXContainerItemProxy */;
		};
		58EF6EAB28E10F5E00430069 /* PBXTargetDependency */ = {
			isa = PBXTargetDependency;
			target = 58EF6E8928E10F5D00430069 /* Lab 2 */;
			targetProxy = 58EF6EAA28E10F5E00430069 /* PBXContainerItemProxy */;
		};
/* End PBXTargetDependency section */

/* Begin XCBuildConfiguration section */
		58EF6EB128E10F5E00430069 /* Debug */ = {
			isa = XCBuildConfiguration;
			buildSettings = {
				ALWAYS_SEARCH_USER_PATHS = NO;
				CLANG_ANALYZER_NONNULL = YES;
				CLANG_ANALYZER_NUMBER_OBJECT_CONVERSION = YES_AGGRESSIVE;
				CLANG_CXX_LANGUAGE_STANDARD = "gnu++20";
				CLANG_ENABLE_MODULES = YES;
				CLANG_ENABLE_OBJC_ARC = YES;
				CLANG_ENABLE_OBJC_WEAK = YES;
				CLANG_WARN_BLOCK_CAPTURE_AUTORELEASING = YES;
				CLANG_WARN_BOOL_CONVERSION = YES;
				CLANG_WARN_COMMA = YES;
				CLANG_WARN_CONSTANT_CONVERSION = YES;
				CLANG_WARN_DEPRECATED_OBJC_IMPLEMENTATIONS = YES;
				CLANG_WARN_DIRECT_OBJC_ISA_USAGE = YES_ERROR;
				CLANG_WARN_DOCUMENTATION_COMMENTS = YES;
				CLANG_WARN_EMPTY_BODY = YES;
				CLANG_WARN_ENUM_CONVERSION = YES;
				CLANG_WARN_INFINITE_RECURSION = YES;
				CLANG_WARN_INT_CONVERSION = YES;
				CLANG_WARN_NON_LITERAL_NULL_CONVERSION = YES;
				CLANG_WARN_OBJC_IMPLICIT_RETAIN_SELF = YES;
				CLANG_WARN_OBJC_LITERAL_CONVERSION = YES;
				CLANG_WARN_OBJC_ROOT_CLASS = YES_ERROR;
				CLANG_WARN_QUOTED_INCLUDE_IN_FRAMEWORK_HEADER = YES;
				CLANG_WARN_RANGE_LOOP_ANALYSIS = YES;
				CLANG_WARN_STRICT_PROTOTYPES = YES;
				CLANG_WARN_SUSPICIOUS_MOVE = YES;
				CLANG_WARN_UNGUARDED_AVAILABILITY = YES_AGGRESSIVE;
				CLANG_WARN_UNREACHABLE_CODE = YES;
				CLANG_WARN__DUPLICATE_METHOD_MATCH = YES;
				COPY_PHASE_STRIP = NO;
				DEBUG_INFORMATION_FORMAT = dwarf;
				ENABLE_STRICT_OBJC_MSGSEND = YES;
				ENABLE_TESTABILITY = YES;
				GCC_C_LANGUAGE_STANDARD = gnu11;
				GCC_DYNAMIC_NO_PIC = NO;
				GCC_NO_COMMON_BLOCKS = YES;
				GCC_OPTIMIZATION_LEVEL = 0;
				GCC_PREPROCESSOR_DEFINITIONS = (
					"DEBUG=1",
					"$(inherited)",
				);
				GCC_WARN_64_TO_32_BIT_CONVERSION = YES;
				GCC_WARN_ABOUT_RETURN_TYPE = YES_ERROR;
				GCC_WARN_UNDECLARED_SELECTOR = YES;
				GCC_WARN_UNINITIALIZED_AUTOS = YES_AGGRESSIVE;
				GCC_WARN_UNUSED_FUNCTION = YES;
				GCC_WARN_UNUSED_VARIABLE = YES;
				IPHONEOS_DEPLOYMENT_TARGET = 16.0;
				MTL_ENABLE_DEBUG_INFO = INCLUDE_SOURCE;
				MTL_FAST_MATH = YES;
				ONLY_ACTIVE_ARCH = YES;
				SDKROOT = iphoneos;
				SWIFT_ACTIVE_COMPILATION_CONDITIONS = DEBUG;
				SWIFT_OPTIMIZATION_LEVEL = "-Onone";
			};
			name = Debug;
		};
		58EF6EB228E10F5E00430069 /* Release */ = {
			isa = XCBuildConfiguration;
			buildSettings = {
				ALWAYS_SEARCH_USER_PATHS = NO;
				CLANG_ANALYZER_NONNULL = YES;
				CLANG_ANALYZER_NUMBER_OBJECT_CONVERSION = YES_AGGRESSIVE;
				CLANG_CXX_LANGUAGE_STANDARD = "gnu++20";
				CLANG_ENABLE_MODULES = YES;
				CLANG_ENABLE_OBJC_ARC = YES;
				CLANG_ENABLE_OBJC_WEAK = YES;
				CLANG_WARN_BLOCK_CAPTURE_AUTORELEASING = YES;
				CLANG_WARN_BOOL_CONVERSION = YES;
				CLANG_WARN_COMMA = YES;
				CLANG_WARN_CONSTANT_CONVERSION = YES;
				CLANG_WARN_DEPRECATED_OBJC_IMPLEMENTATIONS = YES;
				CLANG_WARN_DIRECT_OBJC_ISA_USAGE = YES_ERROR;
				CLANG_WARN_DOCUMENTATION_COMMENTS = YES;
				CLANG_WARN_EMPTY_BODY = YES;
				CLANG_WARN_ENUM_CONVERSION = YES;
				CLANG_WARN_INFINITE_RECURSION = YES;
				CLANG_WARN_INT_CONVERSION = YES;
				CLANG_WARN_NON_LITERAL_NULL_CONVERSION = YES;
				CLANG_WARN_OBJC_IMPLICIT_RETAIN_SELF = YES;
				CLANG_WARN_OBJC_LITERAL_CONVERSION = YES;
				CLANG_WARN_OBJC_ROOT_CLASS = YES_ERROR;
				CLANG_WARN_QUOTED_INCLUDE_IN_FRAMEWORK_HEADER = YES;
				CLANG_WARN_RANGE_LOOP_ANALYSIS = YES;
				CLANG_WARN_STRICT_PROTOTYPES = YES;
				CLANG_WARN_SUSPICIOUS_MOVE = YES;
				CLANG_WARN_UNGUARDED_AVAILABILITY = YES_AGGRESSIVE;
				CLANG_WARN_UNREACHABLE_CODE = YES;
				CLANG_WARN__DUPLICATE_METHOD_MATCH = YES;
				COPY_PHASE_STRIP = NO;
				DEBUG_INFORMATION_FORMAT = "dwarf-with-dsym";
				ENABLE_NS_ASSERTIONS = NO;
				ENABLE_STRICT_OBJC_MSGSEND = YES;
				GCC_C_LANGUAGE_STANDARD = gnu11;
				GCC_NO_COMMON_BLOCKS = YES;
				GCC_WARN_64_TO_32_BIT_CONVERSION = YES;
				GCC_WARN_ABOUT_RETURN_TYPE = YES_ERROR;
				GCC_WARN_UNDECLARED_SELECTOR = YES;
				GCC_WARN_UNINITIALIZED_AUTOS = YES_AGGRESSIVE;
				GCC_WARN_UNUSED_FUNCTION = YES;
				GCC_WARN_UNUSED_VARIABLE = YES;
				IPHONEOS_DEPLOYMENT_TARGET = 16.0;
				MTL_ENABLE_DEBUG_INFO = NO;
				MTL_FAST_MATH = YES;
				SDKROOT = iphoneos;
				SWIFT_COMPILATION_MODE = wholemodule;
				SWIFT_OPTIMIZATION_LEVEL = "-O";
				VALIDATE_PRODUCT = YES;
			};
			name = Release;
		};
		58EF6EB428E10F5E00430069 /* Debug */ = {
			isa = XCBuildConfiguration;
			buildSettings = {
				ASSETCATALOG_COMPILER_APPICON_NAME = AppIcon;
				ASSETCATALOG_COMPILER_GLOBAL_ACCENT_COLOR_NAME = AccentColor;
				CODE_SIGN_STYLE = Automatic;
				CURRENT_PROJECT_VERSION = 1;
				DEVELOPMENT_ASSET_PATHS = "\"Lab 2/Preview Content\"";
				ENABLE_PREVIEWS = YES;
				GENERATE_INFOPLIST_FILE = YES;
				INFOPLIST_KEY_UIApplicationSceneManifest_Generation = YES;
				INFOPLIST_KEY_UIApplicationSupportsIndirectInputEvents = YES;
				INFOPLIST_KEY_UILaunchScreen_Generation = YES;
				INFOPLIST_KEY_UISupportedInterfaceOrientations_iPad = "UIInterfaceOrientationPortrait UIInterfaceOrientationPortraitUpsideDown UIInterfaceOrientationLandscapeLeft UIInterfaceOrientationLandscapeRight";
				INFOPLIST_KEY_UISupportedInterfaceOrientations_iPhone = "UIInterfaceOrientationPortrait UIInterfaceOrientationLandscapeLeft UIInterfaceOrientationLandscapeRight";
				LD_RUNPATH_SEARCH_PATHS = (
					"$(inherited)",
					"@executable_path/Frameworks",
				);
				MARKETING_VERSION = 1.0;
				PRODUCT_BUNDLE_IDENTIFIER = "CISC-5140-Mobile-Device-Programming.Lab-2";
				PRODUCT_NAME = "$(TARGET_NAME)";
				SWIFT_EMIT_LOC_STRINGS = YES;
				SWIFT_VERSION = 5.0;
				TARGETED_DEVICE_FAMILY = "1,2";
			};
			name = Debug;
		};
		58EF6EB528E10F5E00430069 /* Release */ = {
			isa = XCBuildConfiguration;
			buildSettings = {
				ASSETCATALOG_COMPILER_APPICON_NAME = AppIcon;
				ASSETCATALOG_COMPILER_GLOBAL_ACCENT_COLOR_NAME = AccentColor;
				CODE_SIGN_STYLE = Automatic;
				CURRENT_PROJECT_VERSION = 1;
				DEVELOPMENT_ASSET_PATHS = "\"Lab 2/Preview Content\"";
				ENABLE_PREVIEWS = YES;
				GENERATE_INFOPLIST_FILE = YES;
				INFOPLIST_KEY_UIApplicationSceneManifest_Generation = YES;
				INFOPLIST_KEY_UIApplicationSupportsIndirectInputEvents = YES;
				INFOPLIST_KEY_UILaunchScreen_Generation = YES;
				INFOPLIST_KEY_UISupportedInterfaceOrientations_iPad = "UIInterfaceOrientationPortrait UIInterfaceOrientationPortraitUpsideDown UIInterfaceOrientationLandscapeLeft UIInterfaceOrientationLandscapeRight";
				INFOPLIST_KEY_UISupportedInterfaceOrientations_iPhone = "UIInterfaceOrientationPortrait UIInterfaceOrientationLandscapeLeft UIInterfaceOrientationLandscapeRight";
				LD_RUNPATH_SEARCH_PATHS = (
					"$(inherited)",
					"@executable_path/Frameworks",
				);
				MARKETING_VERSION = 1.0;
				PRODUCT_BUNDLE_IDENTIFIER = "CISC-5140-Mobile-Device-Programming.Lab-2";
				PRODUCT_NAME = "$(TARGET_NAME)";
				SWIFT_EMIT_LOC_STRINGS = YES;
				SWIFT_VERSION = 5.0;
				TARGETED_DEVICE_FAMILY = "1,2";
			};
			name = Release;
		};
		58EF6EB728E10F5E00430069 /* Debug */ = {
			isa = XCBuildConfiguration;
			buildSettings = {
				ALWAYS_EMBED_SWIFT_STANDARD_LIBRARIES = YES;
				BUNDLE_LOADER = "$(TEST_HOST)";
				CODE_SIGN_STYLE = Automatic;
				CURRENT_PROJECT_VERSION = 1;
				GENERATE_INFOPLIST_FILE = YES;
				IPHONEOS_DEPLOYMENT_TARGET = 16.0;
				MARKETING_VERSION = 1.0;
				PRODUCT_BUNDLE_IDENTIFIER = "CISC-5140-Mobile-Device-Programming.Lab-2Tests";
				PRODUCT_NAME = "$(TARGET_NAME)";
				SWIFT_EMIT_LOC_STRINGS = NO;
				SWIFT_VERSION = 5.0;
				TARGETED_DEVICE_FAMILY = "1,2";
				TEST_HOST = "$(BUILT_PRODUCTS_DIR)/Lab 2.app/$(BUNDLE_EXECUTABLE_FOLDER_PATH)/Lab 2";
			};
			name = Debug;
		};
		58EF6EB828E10F5E00430069 /* Release */ = {
			isa = XCBuildConfiguration;
			buildSettings = {
				ALWAYS_EMBED_SWIFT_STANDARD_LIBRARIES = YES;
				BUNDLE_LOADER = "$(TEST_HOST)";
				CODE_SIGN_STYLE = Automatic;
				CURRENT_PROJECT_VERSION = 1;
				GENERATE_INFOPLIST_FILE = YES;
				IPHONEOS_DEPLOYMENT_TARGET = 16.0;
				MARKETING_VERSION = 1.0;
				PRODUCT_BUNDLE_IDENTIFIER = "CISC-5140-Mobile-Device-Programming.Lab-2Tests";
				PRODUCT_NAME = "$(TARGET_NAME)";
				SWIFT_EMIT_LOC_STRINGS = NO;
				SWIFT_VERSION = 5.0;
				TARGETED_DEVICE_FAMILY = "1,2";
				TEST_HOST = "$(BUILT_PRODUCTS_DIR)/Lab 2.app/$(BUNDLE_EXECUTABLE_FOLDER_PATH)/Lab 2";
			};
			name = Release;
		};
		58EF6EBA28E10F5E00430069 /* Debug */ = {
			isa = XCBuildConfiguration;
			buildSettings = {
				ALWAYS_EMBED_SWIFT_STANDARD_LIBRARIES = YES;
				CODE_SIGN_STYLE = Automatic;
				CURRENT_PROJECT_VERSION = 1;
				GENERATE_INFOPLIST_FILE = YES;
				MARKETING_VERSION = 1.0;
				PRODUCT_BUNDLE_IDENTIFIER = "CISC-5140-Mobile-Device-Programming.Lab-2UITests";
				PRODUCT_NAME = "$(TARGET_NAME)";
				SWIFT_EMIT_LOC_STRINGS = NO;
				SWIFT_VERSION = 5.0;
				TARGETED_DEVICE_FAMILY = "1,2";
				TEST_TARGET_NAME = "Lab 2";
			};
			name = Debug;
		};
		58EF6EBB28E10F5E00430069 /* Release */ = {
			isa = XCBuildConfiguration;
			buildSettings = {
				ALWAYS_EMBED_SWIFT_STANDARD_LIBRARIES = YES;
				CODE_SIGN_STYLE = Automatic;
				CURRENT_PROJECT_VERSION = 1;
				GENERATE_INFOPLIST_FILE = YES;
				MARKETING_VERSION = 1.0;
				PRODUCT_BUNDLE_IDENTIFIER = "CISC-5140-Mobile-Device-Programming.Lab-2UITests";
				PRODUCT_NAME = "$(TARGET_NAME)";
				SWIFT_EMIT_LOC_STRINGS = NO;
				SWIFT_VERSION = 5.0;
				TARGETED_DEVICE_FAMILY = "1,2";
				TEST_TARGET_NAME = "Lab 2";
			};
			name = Release;
		};
/* End XCBuildConfiguration section */

/* Begin XCConfigurationList section */
		58EF6E8528E10F5D00430069 /* Build configuration list for PBXProject "Lab 2" */ = {
			isa = XCConfigurationList;
			buildConfigurations = (
				58EF6EB128E10F5E00430069 /* Debug */,
				58EF6EB228E10F5E00430069 /* Release */,
			);
			defaultConfigurationIsVisible = 0;
			defaultConfigurationName = Release;
		};
		58EF6EB328E10F5E00430069 /* Build configuration list for PBXNativeTarget "Lab 2" */ = {
			isa = XCConfigurationList;
			buildConfigurations = (
				58EF6EB428E10F5E00430069 /* Debug */,
				58EF6EB528E10F5E00430069 /* Release */,
			);
			defaultConfigurationIsVisible = 0;
			defaultConfigurationName = Release;
		};
		58EF6EB628E10F5E00430069 /* Build configuration list for PBXNativeTarget "Lab 2Tests" */ = {
			isa = XCConfigurationList;
			buildConfigurations = (
				58EF6EB728E10F5E00430069 /* Debug */,
				58EF6EB828E10F5E00430069 /* Release */,
			);
			defaultConfigurationIsVisible = 0;
			defaultConfigurationName = Release;
		};
		58EF6EB928E10F5E00430069 /* Build configuration list for PBXNativeTarget "Lab 2UITests" */ = {
			isa = XCConfigurationList;
			buildConfigurations = (
				58EF6EBA28E10F5E00430069 /* Debug */,
				58EF6EBB28E10F5E00430069 /* Release */,
			);
			defaultConfigurationIsVisible = 0;
			defaultConfigurationName = Release;
		};
/* End XCConfigurationList section */

/* Begin XCVersionGroup section */
		58EF6E9828E10F5E00430069 /* Lab_2.xcdatamodeld */ = {
			isa = XCVersionGroup;
			children = (
				58EF6E9928E10F5E00430069 /* Lab_2.xcdatamodel */,
			);
			currentVersion = 58EF6E9928E10F5E00430069 /* Lab_2.xcdatamodel */;
			path = Lab_2.xcdatamodeld;
			sourceTree = "<group>";
			versionGroupType = wrapper.xcdatamodel;
		};
/* End XCVersionGroup section */
	};
	rootObject = 58EF6E8228E10F5D00430069 /* Project object */;
}
