// !$*UTF8*$!
{
	archiveVersion = 1;
	classes = {
	};
	objectVersion = 56;
	objects = {

/* Begin PBXBuildFile section */
		58ED557228F6805600366BE2 /* Lab_5App.swift in Sources */ = {isa = PBXBuildFile; fileRef = 58ED557128F6805600366BE2 /* Lab_5App.swift */; };
		58ED557428F6805600366BE2 /* ContentView.swift in Sources */ = {isa = PBXBuildFile; fileRef = 58ED557328F6805600366BE2 /* ContentView.swift */; };
		58ED557628F6805700366BE2 /* Assets.xcassets in Resources */ = {isa = PBXBuildFile; fileRef = 58ED557528F6805700366BE2 /* Assets.xcassets */; };
		58ED557928F6805700366BE2 /* Preview Assets.xcassets in Resources */ = {isa = PBXBuildFile; fileRef = 58ED557828F6805700366BE2 /* Preview Assets.xcassets */; };
		58ED557B28F6805700366BE2 /* Persistence.swift in Sources */ = {isa = PBXBuildFile; fileRef = 58ED557A28F6805700366BE2 /* Persistence.swift */; };
		58ED557E28F6805700366BE2 /* Lab_5.xcdatamodeld in Sources */ = {isa = PBXBuildFile; fileRef = 58ED557C28F6805700366BE2 /* Lab_5.xcdatamodeld */; };
		58ED558828F6805700366BE2 /* Lab_5Tests.swift in Sources */ = {isa = PBXBuildFile; fileRef = 58ED558728F6805700366BE2 /* Lab_5Tests.swift */; };
		58ED559228F6805700366BE2 /* Lab_5UITests.swift in Sources */ = {isa = PBXBuildFile; fileRef = 58ED559128F6805700366BE2 /* Lab_5UITests.swift */; };
		58ED559428F6805700366BE2 /* Lab_5UITestsLaunchTests.swift in Sources */ = {isa = PBXBuildFile; fileRef = 58ED559328F6805700366BE2 /* Lab_5UITestsLaunchTests.swift */; };
		58ED55A128F6849B00366BE2 /* WeatherCityView.swift in Sources */ = {isa = PBXBuildFile; fileRef = 58ED55A028F6849B00366BE2 /* WeatherCityView.swift */; };
/* End PBXBuildFile section */

/* Begin PBXContainerItemProxy section */
		58ED558428F6805700366BE2 /* PBXContainerItemProxy */ = {
			isa = PBXContainerItemProxy;
			containerPortal = 58ED556628F6805600366BE2 /* Project object */;
			proxyType = 1;
			remoteGlobalIDString = 58ED556D28F6805600366BE2;
			remoteInfo = "Lab 5";
		};
		58ED558E28F6805700366BE2 /* PBXContainerItemProxy */ = {
			isa = PBXContainerItemProxy;
			containerPortal = 58ED556628F6805600366BE2 /* Project object */;
			proxyType = 1;
			remoteGlobalIDString = 58ED556D28F6805600366BE2;
			remoteInfo = "Lab 5";
		};
/* End PBXContainerItemProxy section */

/* Begin PBXFileReference section */
		58ED556E28F6805600366BE2 /* Lab 5.app */ = {isa = PBXFileReference; explicitFileType = wrapper.application; includeInIndex = 0; path = "Lab 5.app"; sourceTree = BUILT_PRODUCTS_DIR; };
		58ED557128F6805600366BE2 /* Lab_5App.swift */ = {isa = PBXFileReference; lastKnownFileType = sourcecode.swift; path = Lab_5App.swift; sourceTree = "<group>"; };
		58ED557328F6805600366BE2 /* ContentView.swift */ = {isa = PBXFileReference; lastKnownFileType = sourcecode.swift; path = ContentView.swift; sourceTree = "<group>"; };
		58ED557528F6805700366BE2 /* Assets.xcassets */ = {isa = PBXFileReference; lastKnownFileType = folder.assetcatalog; path = Assets.xcassets; sourceTree = "<group>"; };
		58ED557828F6805700366BE2 /* Preview Assets.xcassets */ = {isa = PBXFileReference; lastKnownFileType = folder.assetcatalog; path = "Preview Assets.xcassets"; sourceTree = "<group>"; };
		58ED557A28F6805700366BE2 /* Persistence.swift */ = {isa = PBXFileReference; lastKnownFileType = sourcecode.swift; path = Persistence.swift; sourceTree = "<group>"; };
		58ED557D28F6805700366BE2 /* Lab_5.xcdatamodel */ = {isa = PBXFileReference; lastKnownFileType = wrapper.xcdatamodel; path = Lab_5.xcdatamodel; sourceTree = "<group>"; };
		58ED558328F6805700366BE2 /* Lab 5Tests.xctest */ = {isa = PBXFileReference; explicitFileType = wrapper.cfbundle; includeInIndex = 0; path = "Lab 5Tests.xctest"; sourceTree = BUILT_PRODUCTS_DIR; };
		58ED558728F6805700366BE2 /* Lab_5Tests.swift */ = {isa = PBXFileReference; lastKnownFileType = sourcecode.swift; path = Lab_5Tests.swift; sourceTree = "<group>"; };
		58ED558D28F6805700366BE2 /* Lab 5UITests.xctest */ = {isa = PBXFileReference; explicitFileType = wrapper.cfbundle; includeInIndex = 0; path = "Lab 5UITests.xctest"; sourceTree = BUILT_PRODUCTS_DIR; };
		58ED559128F6805700366BE2 /* Lab_5UITests.swift */ = {isa = PBXFileReference; lastKnownFileType = sourcecode.swift; path = Lab_5UITests.swift; sourceTree = "<group>"; };
		58ED559328F6805700366BE2 /* Lab_5UITestsLaunchTests.swift */ = {isa = PBXFileReference; lastKnownFileType = sourcecode.swift; path = Lab_5UITestsLaunchTests.swift; sourceTree = "<group>"; };
		58ED55A028F6849B00366BE2 /* WeatherCityView.swift */ = {isa = PBXFileReference; lastKnownFileType = sourcecode.swift; path = WeatherCityView.swift; sourceTree = "<group>"; };
/* End PBXFileReference section */

/* Begin PBXFrameworksBuildPhase section */
		58ED556B28F6805600366BE2 /* Frameworks */ = {
			isa = PBXFrameworksBuildPhase;
			buildActionMask = 2147483647;
			files = (
			);
			runOnlyForDeploymentPostprocessing = 0;
		};
		58ED558028F6805700366BE2 /* Frameworks */ = {
			isa = PBXFrameworksBuildPhase;
			buildActionMask = 2147483647;
			files = (
			);
			runOnlyForDeploymentPostprocessing = 0;
		};
		58ED558A28F6805700366BE2 /* Frameworks */ = {
			isa = PBXFrameworksBuildPhase;
			buildActionMask = 2147483647;
			files = (
			);
			runOnlyForDeploymentPostprocessing = 0;
		};
/* End PBXFrameworksBuildPhase section */

/* Begin PBXGroup section */
		58ED556528F6805600366BE2 = {
			isa = PBXGroup;
			children = (
				58ED557028F6805600366BE2 /* Lab 5 */,
				58ED558628F6805700366BE2 /* Lab 5Tests */,
				58ED559028F6805700366BE2 /* Lab 5UITests */,
				58ED556F28F6805600366BE2 /* Products */,
			);
			sourceTree = "<group>";
		};
		58ED556F28F6805600366BE2 /* Products */ = {
			isa = PBXGroup;
			children = (
				58ED556E28F6805600366BE2 /* Lab 5.app */,
				58ED558328F6805700366BE2 /* Lab 5Tests.xctest */,
				58ED558D28F6805700366BE2 /* Lab 5UITests.xctest */,
			);
			name = Products;
			sourceTree = "<group>";
		};
		58ED557028F6805600366BE2 /* Lab 5 */ = {
			isa = PBXGroup;
			children = (
				58ED557128F6805600366BE2 /* Lab_5App.swift */,
				58ED557328F6805600366BE2 /* ContentView.swift */,
				58ED55A028F6849B00366BE2 /* WeatherCityView.swift */,
				58ED557528F6805700366BE2 /* Assets.xcassets */,
				58ED557A28F6805700366BE2 /* Persistence.swift */,
				58ED557C28F6805700366BE2 /* Lab_5.xcdatamodeld */,
				58ED557728F6805700366BE2 /* Preview Content */,
			);
			path = "Lab 5";
			sourceTree = "<group>";
		};
		58ED557728F6805700366BE2 /* Preview Content */ = {
			isa = PBXGroup;
			children = (
				58ED557828F6805700366BE2 /* Preview Assets.xcassets */,
			);
			path = "Preview Content";
			sourceTree = "<group>";
		};
		58ED558628F6805700366BE2 /* Lab 5Tests */ = {
			isa = PBXGroup;
			children = (
				58ED558728F6805700366BE2 /* Lab_5Tests.swift */,
			);
			path = "Lab 5Tests";
			sourceTree = "<group>";
		};
		58ED559028F6805700366BE2 /* Lab 5UITests */ = {
			isa = PBXGroup;
			children = (
				58ED559128F6805700366BE2 /* Lab_5UITests.swift */,
				58ED559328F6805700366BE2 /* Lab_5UITestsLaunchTests.swift */,
			);
			path = "Lab 5UITests";
			sourceTree = "<group>";
		};
/* End PBXGroup section */

/* Begin PBXNativeTarget section */
		58ED556D28F6805600366BE2 /* Lab 5 */ = {
			isa = PBXNativeTarget;
			buildConfigurationList = 58ED559728F6805700366BE2 /* Build configuration list for PBXNativeTarget "Lab 5" */;
			buildPhases = (
				58ED556A28F6805600366BE2 /* Sources */,
				58ED556B28F6805600366BE2 /* Frameworks */,
				58ED556C28F6805600366BE2 /* Resources */,
			);
			buildRules = (
			);
			dependencies = (
			);
			name = "Lab 5";
			productName = "Lab 5";
			productReference = 58ED556E28F6805600366BE2 /* Lab 5.app */;
			productType = "com.apple.product-type.application";
		};
		58ED558228F6805700366BE2 /* Lab 5Tests */ = {
			isa = PBXNativeTarget;
			buildConfigurationList = 58ED559A28F6805700366BE2 /* Build configuration list for PBXNativeTarget "Lab 5Tests" */;
			buildPhases = (
				58ED557F28F6805700366BE2 /* Sources */,
				58ED558028F6805700366BE2 /* Frameworks */,
				58ED558128F6805700366BE2 /* Resources */,
			);
			buildRules = (
			);
			dependencies = (
				58ED558528F6805700366BE2 /* PBXTargetDependency */,
			);
			name = "Lab 5Tests";
			productName = "Lab 5Tests";
			productReference = 58ED558328F6805700366BE2 /* Lab 5Tests.xctest */;
			productType = "com.apple.product-type.bundle.unit-test";
		};
		58ED558C28F6805700366BE2 /* Lab 5UITests */ = {
			isa = PBXNativeTarget;
			buildConfigurationList = 58ED559D28F6805700366BE2 /* Build configuration list for PBXNativeTarget "Lab 5UITests" */;
			buildPhases = (
				58ED558928F6805700366BE2 /* Sources */,
				58ED558A28F6805700366BE2 /* Frameworks */,
				58ED558B28F6805700366BE2 /* Resources */,
			);
			buildRules = (
			);
			dependencies = (
				58ED558F28F6805700366BE2 /* PBXTargetDependency */,
			);
			name = "Lab 5UITests";
			productName = "Lab 5UITests";
			productReference = 58ED558D28F6805700366BE2 /* Lab 5UITests.xctest */;
			productType = "com.apple.product-type.bundle.ui-testing";
		};
/* End PBXNativeTarget section */

/* Begin PBXProject section */
		58ED556628F6805600366BE2 /* Project object */ = {
			isa = PBXProject;
			attributes = {
				BuildIndependentTargetsInParallel = 1;
				LastSwiftUpdateCheck = 1400;
				LastUpgradeCheck = 1400;
				TargetAttributes = {
					58ED556D28F6805600366BE2 = {
						CreatedOnToolsVersion = 14.0.1;
					};
					58ED558228F6805700366BE2 = {
						CreatedOnToolsVersion = 14.0.1;
						TestTargetID = 58ED556D28F6805600366BE2;
					};
					58ED558C28F6805700366BE2 = {
						CreatedOnToolsVersion = 14.0.1;
						TestTargetID = 58ED556D28F6805600366BE2;
					};
				};
			};
			buildConfigurationList = 58ED556928F6805600366BE2 /* Build configuration list for PBXProject "Lab 5" */;
			compatibilityVersion = "Xcode 14.0";
			developmentRegion = en;
			hasScannedForEncodings = 0;
			knownRegions = (
				en,
				Base,
			);
			mainGroup = 58ED556528F6805600366BE2;
			productRefGroup = 58ED556F28F6805600366BE2 /* Products */;
			projectDirPath = "";
			projectRoot = "";
			targets = (
				58ED556D28F6805600366BE2 /* Lab 5 */,
				58ED558228F6805700366BE2 /* Lab 5Tests */,
				58ED558C28F6805700366BE2 /* Lab 5UITests */,
			);
		};
/* End PBXProject section */

/* Begin PBXResourcesBuildPhase section */
		58ED556C28F6805600366BE2 /* Resources */ = {
			isa = PBXResourcesBuildPhase;
			buildActionMask = 2147483647;
			files = (
				58ED557928F6805700366BE2 /* Preview Assets.xcassets in Resources */,
				58ED557628F6805700366BE2 /* Assets.xcassets in Resources */,
			);
			runOnlyForDeploymentPostprocessing = 0;
		};
		58ED558128F6805700366BE2 /* Resources */ = {
			isa = PBXResourcesBuildPhase;
			buildActionMask = 2147483647;
			files = (
			);
			runOnlyForDeploymentPostprocessing = 0;
		};
		58ED558B28F6805700366BE2 /* Resources */ = {
			isa = PBXResourcesBuildPhase;
			buildActionMask = 2147483647;
			files = (
			);
			runOnlyForDeploymentPostprocessing = 0;
		};
/* End PBXResourcesBuildPhase section */

/* Begin PBXSourcesBuildPhase section */
		58ED556A28F6805600366BE2 /* Sources */ = {
			isa = PBXSourcesBuildPhase;
			buildActionMask = 2147483647;
			files = (
				58ED557B28F6805700366BE2 /* Persistence.swift in Sources */,
				58ED557E28F6805700366BE2 /* Lab_5.xcdatamodeld in Sources */,
				58ED55A128F6849B00366BE2 /* WeatherCityView.swift in Sources */,
				58ED557428F6805600366BE2 /* ContentView.swift in Sources */,
				58ED557228F6805600366BE2 /* Lab_5App.swift in Sources */,
			);
			runOnlyForDeploymentPostprocessing = 0;
		};
		58ED557F28F6805700366BE2 /* Sources */ = {
			isa = PBXSourcesBuildPhase;
			buildActionMask = 2147483647;
			files = (
				58ED558828F6805700366BE2 /* Lab_5Tests.swift in Sources */,
			);
			runOnlyForDeploymentPostprocessing = 0;
		};
		58ED558928F6805700366BE2 /* Sources */ = {
			isa = PBXSourcesBuildPhase;
			buildActionMask = 2147483647;
			files = (
				58ED559428F6805700366BE2 /* Lab_5UITestsLaunchTests.swift in Sources */,
				58ED559228F6805700366BE2 /* Lab_5UITests.swift in Sources */,
			);
			runOnlyForDeploymentPostprocessing = 0;
		};
/* End PBXSourcesBuildPhase section */

/* Begin PBXTargetDependency section */
		58ED558528F6805700366BE2 /* PBXTargetDependency */ = {
			isa = PBXTargetDependency;
			target = 58ED556D28F6805600366BE2 /* Lab 5 */;
			targetProxy = 58ED558428F6805700366BE2 /* PBXContainerItemProxy */;
		};
		58ED558F28F6805700366BE2 /* PBXTargetDependency */ = {
			isa = PBXTargetDependency;
			target = 58ED556D28F6805600366BE2 /* Lab 5 */;
			targetProxy = 58ED558E28F6805700366BE2 /* PBXContainerItemProxy */;
		};
/* End PBXTargetDependency section */

/* Begin XCBuildConfiguration section */
		58ED559528F6805700366BE2 /* Debug */ = {
			isa = XCBuildConfiguration;
			buildSettings = {
				ALWAYS_SEARCH_USER_PATHS = NO;
				CLANG_ANALYZER_NONNULL = YES;
				CLANG_ANALYZER_NUMBER_OBJECT_CONVERSION = YES_AGGRESSIVE;
				CLANG_CXX_LANGUAGE_STANDARD = "gnu++20";
				CLANG_ENABLE_MODULES = YES;
				CLANG_ENABLE_OBJC_ARC = YES;
				CLANG_ENABLE_OBJC_WEAK = YES;
				CLANG_WARN_BLOCK_CAPTURE_AUTORELEASING = YES;
				CLANG_WARN_BOOL_CONVERSION = YES;
				CLANG_WARN_COMMA = YES;
				CLANG_WARN_CONSTANT_CONVERSION = YES;
				CLANG_WARN_DEPRECATED_OBJC_IMPLEMENTATIONS = YES;
				CLANG_WARN_DIRECT_OBJC_ISA_USAGE = YES_ERROR;
				CLANG_WARN_DOCUMENTATION_COMMENTS = YES;
				CLANG_WARN_EMPTY_BODY = YES;
				CLANG_WARN_ENUM_CONVERSION = YES;
				CLANG_WARN_INFINITE_RECURSION = YES;
				CLANG_WARN_INT_CONVERSION = YES;
				CLANG_WARN_NON_LITERAL_NULL_CONVERSION = YES;
				CLANG_WARN_OBJC_IMPLICIT_RETAIN_SELF = YES;
				CLANG_WARN_OBJC_LITERAL_CONVERSION = YES;
				CLANG_WARN_OBJC_ROOT_CLASS = YES_ERROR;
				CLANG_WARN_QUOTED_INCLUDE_IN_FRAMEWORK_HEADER = YES;
				CLANG_WARN_RANGE_LOOP_ANALYSIS = YES;
				CLANG_WARN_STRICT_PROTOTYPES = YES;
				CLANG_WARN_SUSPICIOUS_MOVE = YES;
				CLANG_WARN_UNGUARDED_AVAILABILITY = YES_AGGRESSIVE;
				CLANG_WARN_UNREACHABLE_CODE = YES;
				CLANG_WARN__DUPLICATE_METHOD_MATCH = YES;
				COPY_PHASE_STRIP = NO;
				DEBUG_INFORMATION_FORMAT = dwarf;
				ENABLE_STRICT_OBJC_MSGSEND = YES;
				ENABLE_TESTABILITY = YES;
				GCC_C_LANGUAGE_STANDARD = gnu11;
				GCC_DYNAMIC_NO_PIC = NO;
				GCC_NO_COMMON_BLOCKS = YES;
				GCC_OPTIMIZATION_LEVEL = 0;
				GCC_PREPROCESSOR_DEFINITIONS = (
					"DEBUG=1",
					"$(inherited)",
				);
				GCC_WARN_64_TO_32_BIT_CONVERSION = YES;
				GCC_WARN_ABOUT_RETURN_TYPE = YES_ERROR;
				GCC_WARN_UNDECLARED_SELECTOR = YES;
				GCC_WARN_UNINITIALIZED_AUTOS = YES_AGGRESSIVE;
				GCC_WARN_UNUSED_FUNCTION = YES;
				GCC_WARN_UNUSED_VARIABLE = YES;
				IPHONEOS_DEPLOYMENT_TARGET = 16.0;
				MTL_ENABLE_DEBUG_INFO = INCLUDE_SOURCE;
				MTL_FAST_MATH = YES;
				ONLY_ACTIVE_ARCH = YES;
				SDKROOT = iphoneos;
				SWIFT_ACTIVE_COMPILATION_CONDITIONS = DEBUG;
				SWIFT_OPTIMIZATION_LEVEL = "-Onone";
			};
			name = Debug;
		};
		58ED559628F6805700366BE2 /* Release */ = {
			isa = XCBuildConfiguration;
			buildSettings = {
				ALWAYS_SEARCH_USER_PATHS = NO;
				CLANG_ANALYZER_NONNULL = YES;
				CLANG_ANALYZER_NUMBER_OBJECT_CONVERSION = YES_AGGRESSIVE;
				CLANG_CXX_LANGUAGE_STANDARD = "gnu++20";
				CLANG_ENABLE_MODULES = YES;
				CLANG_ENABLE_OBJC_ARC = YES;
				CLANG_ENABLE_OBJC_WEAK = YES;
				CLANG_WARN_BLOCK_CAPTURE_AUTORELEASING = YES;
				CLANG_WARN_BOOL_CONVERSION = YES;
				CLANG_WARN_COMMA = YES;
				CLANG_WARN_CONSTANT_CONVERSION = YES;
				CLANG_WARN_DEPRECATED_OBJC_IMPLEMENTATIONS = YES;
				CLANG_WARN_DIRECT_OBJC_ISA_USAGE = YES_ERROR;
				CLANG_WARN_DOCUMENTATION_COMMENTS = YES;
				CLANG_WARN_EMPTY_BODY = YES;
				CLANG_WARN_ENUM_CONVERSION = YES;
				CLANG_WARN_INFINITE_RECURSION = YES;
				CLANG_WARN_INT_CONVERSION = YES;
				CLANG_WARN_NON_LITERAL_NULL_CONVERSION = YES;
				CLANG_WARN_OBJC_IMPLICIT_RETAIN_SELF = YES;
				CLANG_WARN_OBJC_LITERAL_CONVERSION = YES;
				CLANG_WARN_OBJC_ROOT_CLASS = YES_ERROR;
				CLANG_WARN_QUOTED_INCLUDE_IN_FRAMEWORK_HEADER = YES;
				CLANG_WARN_RANGE_LOOP_ANALYSIS = YES;
				CLANG_WARN_STRICT_PROTOTYPES = YES;
				CLANG_WARN_SUSPICIOUS_MOVE = YES;
				CLANG_WARN_UNGUARDED_AVAILABILITY = YES_AGGRESSIVE;
				CLANG_WARN_UNREACHABLE_CODE = YES;
				CLANG_WARN__DUPLICATE_METHOD_MATCH = YES;
				COPY_PHASE_STRIP = NO;
				DEBUG_INFORMATION_FORMAT = "dwarf-with-dsym";
				ENABLE_NS_ASSERTIONS = NO;
				ENABLE_STRICT_OBJC_MSGSEND = YES;
				GCC_C_LANGUAGE_STANDARD = gnu11;
				GCC_NO_COMMON_BLOCKS = YES;
				GCC_WARN_64_TO_32_BIT_CONVERSION = YES;
				GCC_WARN_ABOUT_RETURN_TYPE = YES_ERROR;
				GCC_WARN_UNDECLARED_SELECTOR = YES;
				GCC_WARN_UNINITIALIZED_AUTOS = YES_AGGRESSIVE;
				GCC_WARN_UNUSED_FUNCTION = YES;
				GCC_WARN_UNUSED_VARIABLE = YES;
				IPHONEOS_DEPLOYMENT_TARGET = 16.0;
				MTL_ENABLE_DEBUG_INFO = NO;
				MTL_FAST_MATH = YES;
				SDKROOT = iphoneos;
				SWIFT_COMPILATION_MODE = wholemodule;
				SWIFT_OPTIMIZATION_LEVEL = "-O";
				VALIDATE_PRODUCT = YES;
			};
			name = Release;
		};
		58ED559828F6805700366BE2 /* Debug */ = {
			isa = XCBuildConfiguration;
			buildSettings = {
				ASSETCATALOG_COMPILER_APPICON_NAME = AppIcon;
				ASSETCATALOG_COMPILER_GLOBAL_ACCENT_COLOR_NAME = AccentColor;
				CODE_SIGN_STYLE = Automatic;
				CURRENT_PROJECT_VERSION = 1;
				DEVELOPMENT_ASSET_PATHS = "\"Lab 5/Preview Content\"";
				ENABLE_PREVIEWS = YES;
				GENERATE_INFOPLIST_FILE = YES;
				INFOPLIST_KEY_UIApplicationSceneManifest_Generation = YES;
				INFOPLIST_KEY_UIApplicationSupportsIndirectInputEvents = YES;
				INFOPLIST_KEY_UILaunchScreen_Generation = YES;
				INFOPLIST_KEY_UISupportedInterfaceOrientations_iPad = "UIInterfaceOrientationPortrait UIInterfaceOrientationPortraitUpsideDown UIInterfaceOrientationLandscapeLeft UIInterfaceOrientationLandscapeRight";
				INFOPLIST_KEY_UISupportedInterfaceOrientations_iPhone = "UIInterfaceOrientationPortrait UIInterfaceOrientationLandscapeLeft UIInterfaceOrientationLandscapeRight";
				LD_RUNPATH_SEARCH_PATHS = (
					"$(inherited)",
					"@executable_path/Frameworks",
				);
				MARKETING_VERSION = 1.0;
				PRODUCT_BUNDLE_IDENTIFIER = "CISC-5140-Mobile-Device-Programming.Lab-5";
				PRODUCT_NAME = "$(TARGET_NAME)";
				SWIFT_EMIT_LOC_STRINGS = YES;
				SWIFT_VERSION = 5.0;
				TARGETED_DEVICE_FAMILY = "1,2";
			};
			name = Debug;
		};
		58ED559928F6805700366BE2 /* Release */ = {
			isa = XCBuildConfiguration;
			buildSettings = {
				ASSETCATALOG_COMPILER_APPICON_NAME = AppIcon;
				ASSETCATALOG_COMPILER_GLOBAL_ACCENT_COLOR_NAME = AccentColor;
				CODE_SIGN_STYLE = Automatic;
				CURRENT_PROJECT_VERSION = 1;
				DEVELOPMENT_ASSET_PATHS = "\"Lab 5/Preview Content\"";
				ENABLE_PREVIEWS = YES;
				GENERATE_INFOPLIST_FILE = YES;
				INFOPLIST_KEY_UIApplicationSceneManifest_Generation = YES;
				INFOPLIST_KEY_UIApplicationSupportsIndirectInputEvents = YES;
				INFOPLIST_KEY_UILaunchScreen_Generation = YES;
				INFOPLIST_KEY_UISupportedInterfaceOrientations_iPad = "UIInterfaceOrientationPortrait UIInterfaceOrientationPortraitUpsideDown UIInterfaceOrientationLandscapeLeft UIInterfaceOrientationLandscapeRight";
				INFOPLIST_KEY_UISupportedInterfaceOrientations_iPhone = "UIInterfaceOrientationPortrait UIInterfaceOrientationLandscapeLeft UIInterfaceOrientationLandscapeRight";
				LD_RUNPATH_SEARCH_PATHS = (
					"$(inherited)",
					"@executable_path/Frameworks",
				);
				MARKETING_VERSION = 1.0;
				PRODUCT_BUNDLE_IDENTIFIER = "CISC-5140-Mobile-Device-Programming.Lab-5";
				PRODUCT_NAME = "$(TARGET_NAME)";
				SWIFT_EMIT_LOC_STRINGS = YES;
				SWIFT_VERSION = 5.0;
				TARGETED_DEVICE_FAMILY = "1,2";
			};
			name = Release;
		};
		58ED559B28F6805700366BE2 /* Debug */ = {
			isa = XCBuildConfiguration;
			buildSettings = {
				ALWAYS_EMBED_SWIFT_STANDARD_LIBRARIES = YES;
				BUNDLE_LOADER = "$(TEST_HOST)";
				CODE_SIGN_STYLE = Automatic;
				CURRENT_PROJECT_VERSION = 1;
				GENERATE_INFOPLIST_FILE = YES;
				IPHONEOS_DEPLOYMENT_TARGET = 16.0;
				MARKETING_VERSION = 1.0;
				PRODUCT_BUNDLE_IDENTIFIER = "CISC-5140-Mobile-Device-Programming.Lab-5Tests";
				PRODUCT_NAME = "$(TARGET_NAME)";
				SWIFT_EMIT_LOC_STRINGS = NO;
				SWIFT_VERSION = 5.0;
				TARGETED_DEVICE_FAMILY = "1,2";
				TEST_HOST = "$(BUILT_PRODUCTS_DIR)/Lab 5.app/$(BUNDLE_EXECUTABLE_FOLDER_PATH)/Lab 5";
			};
			name = Debug;
		};
		58ED559C28F6805700366BE2 /* Release */ = {
			isa = XCBuildConfiguration;
			buildSettings = {
				ALWAYS_EMBED_SWIFT_STANDARD_LIBRARIES = YES;
				BUNDLE_LOADER = "$(TEST_HOST)";
				CODE_SIGN_STYLE = Automatic;
				CURRENT_PROJECT_VERSION = 1;
				GENERATE_INFOPLIST_FILE = YES;
				IPHONEOS_DEPLOYMENT_TARGET = 16.0;
				MARKETING_VERSION = 1.0;
				PRODUCT_BUNDLE_IDENTIFIER = "CISC-5140-Mobile-Device-Programming.Lab-5Tests";
				PRODUCT_NAME = "$(TARGET_NAME)";
				SWIFT_EMIT_LOC_STRINGS = NO;
				SWIFT_VERSION = 5.0;
				TARGETED_DEVICE_FAMILY = "1,2";
				TEST_HOST = "$(BUILT_PRODUCTS_DIR)/Lab 5.app/$(BUNDLE_EXECUTABLE_FOLDER_PATH)/Lab 5";
			};
			name = Release;
		};
		58ED559E28F6805700366BE2 /* Debug */ = {
			isa = XCBuildConfiguration;
			buildSettings = {
				ALWAYS_EMBED_SWIFT_STANDARD_LIBRARIES = YES;
				CODE_SIGN_STYLE = Automatic;
				CURRENT_PROJECT_VERSION = 1;
				GENERATE_INFOPLIST_FILE = YES;
				MARKETING_VERSION = 1.0;
				PRODUCT_BUNDLE_IDENTIFIER = "CISC-5140-Mobile-Device-Programming.Lab-5UITests";
				PRODUCT_NAME = "$(TARGET_NAME)";
				SWIFT_EMIT_LOC_STRINGS = NO;
				SWIFT_VERSION = 5.0;
				TARGETED_DEVICE_FAMILY = "1,2";
				TEST_TARGET_NAME = "Lab 5";
			};
			name = Debug;
		};
		58ED559F28F6805700366BE2 /* Release */ = {
			isa = XCBuildConfiguration;
			buildSettings = {
				ALWAYS_EMBED_SWIFT_STANDARD_LIBRARIES = YES;
				CODE_SIGN_STYLE = Automatic;
				CURRENT_PROJECT_VERSION = 1;
				GENERATE_INFOPLIST_FILE = YES;
				MARKETING_VERSION = 1.0;
				PRODUCT_BUNDLE_IDENTIFIER = "CISC-5140-Mobile-Device-Programming.Lab-5UITests";
				PRODUCT_NAME = "$(TARGET_NAME)";
				SWIFT_EMIT_LOC_STRINGS = NO;
				SWIFT_VERSION = 5.0;
				TARGETED_DEVICE_FAMILY = "1,2";
				TEST_TARGET_NAME = "Lab 5";
			};
			name = Release;
		};
/* End XCBuildConfiguration section */

/* Begin XCConfigurationList section */
		58ED556928F6805600366BE2 /* Build configuration list for PBXProject "Lab 5" */ = {
			isa = XCConfigurationList;
			buildConfigurations = (
				58ED559528F6805700366BE2 /* Debug */,
				58ED559628F6805700366BE2 /* Release */,
			);
			defaultConfigurationIsVisible = 0;
			defaultConfigurationName = Release;
		};
		58ED559728F6805700366BE2 /* Build configuration list for PBXNativeTarget "Lab 5" */ = {
			isa = XCConfigurationList;
			buildConfigurations = (
				58ED559828F6805700366BE2 /* Debug */,
				58ED559928F6805700366BE2 /* Release */,
			);
			defaultConfigurationIsVisible = 0;
			defaultConfigurationName = Release;
		};
		58ED559A28F6805700366BE2 /* Build configuration list for PBXNativeTarget "Lab 5Tests" */ = {
			isa = XCConfigurationList;
			buildConfigurations = (
				58ED559B28F6805700366BE2 /* Debug */,
				58ED559C28F6805700366BE2 /* Release */,
			);
			defaultConfigurationIsVisible = 0;
			defaultConfigurationName = Release;
		};
		58ED559D28F6805700366BE2 /* Build configuration list for PBXNativeTarget "Lab 5UITests" */ = {
			isa = XCConfigurationList;
			buildConfigurations = (
				58ED559E28F6805700366BE2 /* Debug */,
				58ED559F28F6805700366BE2 /* Release */,
			);
			defaultConfigurationIsVisible = 0;
			defaultConfigurationName = Release;
		};
/* End XCConfigurationList section */

/* Begin XCVersionGroup section */
		58ED557C28F6805700366BE2 /* Lab_5.xcdatamodeld */ = {
			isa = XCVersionGroup;
			children = (
				58ED557D28F6805700366BE2 /* Lab_5.xcdatamodel */,
			);
			currentVersion = 58ED557D28F6805700366BE2 /* Lab_5.xcdatamodel */;
			path = Lab_5.xcdatamodeld;
			sourceTree = "<group>";
			versionGroupType = wrapper.xcdatamodel;
		};
/* End XCVersionGroup section */
	};
	rootObject = 58ED556628F6805600366BE2 /* Project object */;
}
